<?xml version="1.0" encoding="utf-8"?>
<Project ToolsVersion="4.0" xmlns="http://schemas.microsoft.com/developer/msbuild/2003">
  <ItemGroup>
    <Filter Include="ch">
      <UniqueIdentifier>{ad31d4f2-cc38-4bee-8180-2e0952b63bc1}</UniqueIdentifier>
    </Filter>
  </ItemGroup>
  <ItemGroup>
    <ClCompile Include="..\main.cpp" />
  </ItemGroup>
  <ItemGroup>
    <ClInclude Include="..\ch\_random.h">
      <Filter>ch</Filter>
    </ClInclude>
    <ClInclude Include="..\ch\utility.h">
      <Filter>ch</Filter>
    </ClInclude>
    <ClInclude Include="..\ch\_iterbase.h">
      <Filter>ch</Filter>
    </ClInclude>
  </ItemGroup>
</Project>